// !$*UTF8*$!
{
	archiveVersion = 1;
	classes = {
	};
	objectVersion = 56;
	objects = {

/* Begin PBXBuildFile section */
		F62EF9E12C6B27840025498E /* DeafHealthApp.swift in Sources */ = {isa = PBXBuildFile; fileRef = F62EF9E02C6B27840025498E /* DeafHealthApp.swift */; };
		F62EF9E32C6B27840025498E /* ContentView.swift in Sources */ = {isa = PBXBuildFile; fileRef = F62EF9E22C6B27840025498E /* ContentView.swift */; };
		F62EF9E52C6B27850025498E /* Assets.xcassets in Resources */ = {isa = PBXBuildFile; fileRef = F62EF9E42C6B27850025498E /* Assets.xcassets */; };
		F62EF9E82C6B27850025498E /* Preview Assets.xcassets in Resources */ = {isa = PBXBuildFile; fileRef = F62EF9E72C6B27850025498E /* Preview Assets.xcassets */; };
		F62EF9F22C6B27D30025498E /* User.swift in Sources */ = {isa = PBXBuildFile; fileRef = F62EF9F12C6B27D30025498E /* User.swift */; };
		F62EF9F42C6B293B0025498E /* Complaint.swift in Sources */ = {isa = PBXBuildFile; fileRef = F62EF9F32C6B293B0025498E /* Complaint.swift */; };
		F62EF9F62C6B2B3D0025498E /* SymptomsDetail.swift in Sources */ = {isa = PBXBuildFile; fileRef = F62EF9F52C6B2B3D0025498E /* SymptomsDetail.swift */; };
		F62EF9FB2C6B2BAF0025498E /* enums.swift in Sources */ = {isa = PBXBuildFile; fileRef = F62EF9FA2C6B2BAF0025498E /* enums.swift */; };
		F62EF9FE2C6B2C010025498E /* LocalDataSource.swift in Sources */ = {isa = PBXBuildFile; fileRef = F62EF9FD2C6B2C010025498E /* LocalDataSource.swift */; };
		F62EFA002C6B2EB10025498E /* ComplaintViewModel.swift in Sources */ = {isa = PBXBuildFile; fileRef = F62EF9FF2C6B2EB10025498E /* ComplaintViewModel.swift */; };
		F62EFA022C6B3C190025498E /* coordinator.swift in Sources */ = {isa = PBXBuildFile; fileRef = F62EFA012C6B3C190025498E /* coordinator.swift */; };
		F62EFA062C6B3ECB0025498E /* Strawberry.swift in Sources */ = {isa = PBXBuildFile; fileRef = F62EFA052C6B3ECB0025498E /* Strawberry.swift */; };
		F62EFA082C6B40D80025498E /* Lemon.swift in Sources */ = {isa = PBXBuildFile; fileRef = F62EFA072C6B40D80025498E /* Lemon.swift */; };
		F62EFA0A2C6B41030025498E /* Watermelon.swift in Sources */ = {isa = PBXBuildFile; fileRef = F62EFA092C6B41030025498E /* Watermelon.swift */; };
		F62EFA0C2C6B41450025498E /* Pineapple.swift in Sources */ = {isa = PBXBuildFile; fileRef = F62EFA0B2C6B41450025498E /* Pineapple.swift */; };
		F62EFA0F2C6B41A00025498E /* Banana.swift in Sources */ = {isa = PBXBuildFile; fileRef = F62EFA0E2C6B41A00025498E /* Banana.swift */; };
		F6856F992C6F582B00574B7E /* SpeechRecognizer.swift in Sources */ = {isa = PBXBuildFile; fileRef = F6856F982C6F582B00574B7E /* SpeechRecognizer.swift */; };
		F6A94FFD2C6C47AC00F45997 /* TestSheet.swift in Sources */ = {isa = PBXBuildFile; fileRef = F6A94FFC2C6C47AC00F45997 /* TestSheet.swift */; };
		F6A94FFF2C6C486D00F45997 /* TestFullScreenCover.swift in Sources */ = {isa = PBXBuildFile; fileRef = F6A94FFE2C6C486D00F45997 /* TestFullScreenCover.swift */; };
		F6A950022C6C5C6700F45997 /* CommunicationPage.swift in Sources */ = {isa = PBXBuildFile; fileRef = F6A950012C6C5C6700F45997 /* CommunicationPage.swift */; };
/* End PBXBuildFile section */

/* Begin PBXFileReference section */
		F62EF9DD2C6B27840025498E /* DeafHealth.app */ = {isa = PBXFileReference; explicitFileType = wrapper.application; includeInIndex = 0; path = DeafHealth.app; sourceTree = BUILT_PRODUCTS_DIR; };
		F62EF9E02C6B27840025498E /* DeafHealthApp.swift */ = {isa = PBXFileReference; lastKnownFileType = sourcecode.swift; path = DeafHealthApp.swift; sourceTree = "<group>"; };
		F62EF9E22C6B27840025498E /* ContentView.swift */ = {isa = PBXFileReference; lastKnownFileType = sourcecode.swift; path = ContentView.swift; sourceTree = "<group>"; };
		F62EF9E42C6B27850025498E /* Assets.xcassets */ = {isa = PBXFileReference; lastKnownFileType = folder.assetcatalog; path = Assets.xcassets; sourceTree = "<group>"; };
		F62EF9E72C6B27850025498E /* Preview Assets.xcassets */ = {isa = PBXFileReference; lastKnownFileType = folder.assetcatalog; path = "Preview Assets.xcassets"; sourceTree = "<group>"; };
		F62EF9F12C6B27D30025498E /* User.swift */ = {isa = PBXFileReference; lastKnownFileType = sourcecode.swift; path = User.swift; sourceTree = "<group>"; };
		F62EF9F32C6B293B0025498E /* Complaint.swift */ = {isa = PBXFileReference; lastKnownFileType = sourcecode.swift; path = Complaint.swift; sourceTree = "<group>"; };
		F62EF9F52C6B2B3D0025498E /* SymptomsDetail.swift */ = {isa = PBXFileReference; lastKnownFileType = sourcecode.swift; path = SymptomsDetail.swift; sourceTree = "<group>"; };
		F62EF9FA2C6B2BAF0025498E /* enums.swift */ = {isa = PBXFileReference; lastKnownFileType = sourcecode.swift; path = enums.swift; sourceTree = "<group>"; };
		F62EF9FD2C6B2C010025498E /* LocalDataSource.swift */ = {isa = PBXFileReference; lastKnownFileType = sourcecode.swift; path = LocalDataSource.swift; sourceTree = "<group>"; };
		F62EF9FF2C6B2EB10025498E /* ComplaintViewModel.swift */ = {isa = PBXFileReference; lastKnownFileType = sourcecode.swift; path = ComplaintViewModel.swift; sourceTree = "<group>"; };
		F62EFA012C6B3C190025498E /* coordinator.swift */ = {isa = PBXFileReference; lastKnownFileType = sourcecode.swift; path = coordinator.swift; sourceTree = "<group>"; };
		F62EFA052C6B3ECB0025498E /* Strawberry.swift */ = {isa = PBXFileReference; lastKnownFileType = sourcecode.swift; path = Strawberry.swift; sourceTree = "<group>"; };
		F62EFA072C6B40D80025498E /* Lemon.swift */ = {isa = PBXFileReference; lastKnownFileType = sourcecode.swift; path = Lemon.swift; sourceTree = "<group>"; };
		F62EFA092C6B41030025498E /* Watermelon.swift */ = {isa = PBXFileReference; lastKnownFileType = sourcecode.swift; path = Watermelon.swift; sourceTree = "<group>"; };
		F62EFA0B2C6B41450025498E /* Pineapple.swift */ = {isa = PBXFileReference; lastKnownFileType = sourcecode.swift; path = Pineapple.swift; sourceTree = "<group>"; };
		F62EFA0E2C6B41A00025498E /* Banana.swift */ = {isa = PBXFileReference; lastKnownFileType = sourcecode.swift; path = Banana.swift; sourceTree = "<group>"; };
		F6856F982C6F582B00574B7E /* SpeechRecognizer.swift */ = {isa = PBXFileReference; lastKnownFileType = sourcecode.swift; path = SpeechRecognizer.swift; sourceTree = "<group>"; };
		F6A94FFC2C6C47AC00F45997 /* TestSheet.swift */ = {isa = PBXFileReference; lastKnownFileType = sourcecode.swift; path = TestSheet.swift; sourceTree = "<group>"; };
		F6A94FFE2C6C486D00F45997 /* TestFullScreenCover.swift */ = {isa = PBXFileReference; lastKnownFileType = sourcecode.swift; path = TestFullScreenCover.swift; sourceTree = "<group>"; };
		F6A950012C6C5C6700F45997 /* CommunicationPage.swift */ = {isa = PBXFileReference; lastKnownFileType = sourcecode.swift; path = CommunicationPage.swift; sourceTree = "<group>"; };
/* End PBXFileReference section */

/* Begin PBXFrameworksBuildPhase section */
		F62EF9DA2C6B27840025498E /* Frameworks */ = {
			isa = PBXFrameworksBuildPhase;
			buildActionMask = 2147483647;
			files = (
			);
			runOnlyForDeploymentPostprocessing = 0;
		};
/* End PBXFrameworksBuildPhase section */

/* Begin PBXGroup section */
		F62EF9D42C6B27840025498E = {
			isa = PBXGroup;
			children = (
				F62EF9DF2C6B27840025498E /* DeafHealth */,
				F62EF9DE2C6B27840025498E /* Products */,
			);
			sourceTree = "<group>";
		};
		F62EF9DE2C6B27840025498E /* Products */ = {
			isa = PBXGroup;
			children = (
				F62EF9DD2C6B27840025498E /* DeafHealth.app */,
			);
			name = Products;
			sourceTree = "<group>";
		};
		F62EF9DF2C6B27840025498E /* DeafHealth */ = {
			isa = PBXGroup;
			children = (
				F62EF9FC2C6B2BCC0025498E /* Data Source */,
				F62EFA032C6B3C450025498E /* Coordinator */,
				F62EF9EE2C6B27910025498E /* Model */,
				F62EF9EF2C6B279B0025498E /* View Model */,
				F62EF9F02C6B27AD0025498E /* View */,
				F62EF9F92C6B2B720025498E /* enums */,
				F62EF9E02C6B27840025498E /* DeafHealthApp.swift */,
				F62EF9E22C6B27840025498E /* ContentView.swift */,
				F62EF9E42C6B27850025498E /* Assets.xcassets */,
				F62EF9E62C6B27850025498E /* Preview Content */,
			);
			path = DeafHealth;
			sourceTree = "<group>";
		};
		F62EF9E62C6B27850025498E /* Preview Content */ = {
			isa = PBXGroup;
			children = (
				F62EF9E72C6B27850025498E /* Preview Assets.xcassets */,
			);
			path = "Preview Content";
			sourceTree = "<group>";
		};
		F62EF9EE2C6B27910025498E /* Model */ = {
			isa = PBXGroup;
			children = (
				F62EF9F12C6B27D30025498E /* User.swift */,
				F62EF9F32C6B293B0025498E /* Complaint.swift */,
				F62EF9F52C6B2B3D0025498E /* SymptomsDetail.swift */,
				F6856F982C6F582B00574B7E /* SpeechRecognizer.swift */,
			);
			path = Model;
			sourceTree = "<group>";
		};
		F62EF9EF2C6B279B0025498E /* View Model */ = {
			isa = PBXGroup;
			children = (
				F62EF9FF2C6B2EB10025498E /* ComplaintViewModel.swift */,
			);
			path = "View Model";
			sourceTree = "<group>";
		};
		F62EF9F02C6B27AD0025498E /* View */ = {
			isa = PBXGroup;
			children = (
				F62EFA042C6B3EB70025498E /* Example */,
				F6A950012C6C5C6700F45997 /* CommunicationPage.swift */,
			);
			path = View;
			sourceTree = "<group>";
		};
		F62EF9F92C6B2B720025498E /* enums */ = {
			isa = PBXGroup;
			children = (
				F62EF9FA2C6B2BAF0025498E /* enums.swift */,
			);
			path = enums;
			sourceTree = "<group>";
		};
		F62EF9FC2C6B2BCC0025498E /* Data Source */ = {
			isa = PBXGroup;
			children = (
				F62EF9FD2C6B2C010025498E /* LocalDataSource.swift */,
			);
			path = "Data Source";
			sourceTree = "<group>";
		};
		F62EFA032C6B3C450025498E /* Coordinator */ = {
			isa = PBXGroup;
			children = (
				F62EFA012C6B3C190025498E /* coordinator.swift */,
			);
			path = Coordinator;
			sourceTree = "<group>";
		};
		F62EFA042C6B3EB70025498E /* Example */ = {
			isa = PBXGroup;
			children = (
				F62EFA052C6B3ECB0025498E /* Strawberry.swift */,
				F62EFA072C6B40D80025498E /* Lemon.swift */,
				F62EFA0E2C6B41A00025498E /* Banana.swift */,
				F62EFA092C6B41030025498E /* Watermelon.swift */,
				F62EFA0B2C6B41450025498E /* Pineapple.swift */,
				F6A94FFC2C6C47AC00F45997 /* TestSheet.swift */,
				F6A94FFE2C6C486D00F45997 /* TestFullScreenCover.swift */,
			);
			path = Example;
			sourceTree = "<group>";
		};
/* End PBXGroup section */

/* Begin PBXNativeTarget section */
		F62EF9DC2C6B27840025498E /* DeafHealth */ = {
			isa = PBXNativeTarget;
			buildConfigurationList = F62EF9EB2C6B27850025498E /* Build configuration list for PBXNativeTarget "DeafHealth" */;
			buildPhases = (
				F62EF9D92C6B27840025498E /* Sources */,
				F62EF9DA2C6B27840025498E /* Frameworks */,
				F62EF9DB2C6B27840025498E /* Resources */,
			);
			buildRules = (
			);
			dependencies = (
			);
			name = DeafHealth;
			packageProductDependencies = (
			);
			productName = DeafHealth;
			productReference = F62EF9DD2C6B27840025498E /* DeafHealth.app */;
			productType = "com.apple.product-type.application";
		};
/* End PBXNativeTarget section */

/* Begin PBXProject section */
		F62EF9D52C6B27840025498E /* Project object */ = {
			isa = PBXProject;
			attributes = {
				BuildIndependentTargetsInParallel = 1;
				LastSwiftUpdateCheck = 1530;
				LastUpgradeCheck = 1530;
				TargetAttributes = {
					F62EF9DC2C6B27840025498E = {
						CreatedOnToolsVersion = 15.3;
					};
				};
			};
			buildConfigurationList = F62EF9D82C6B27840025498E /* Build configuration list for PBXProject "DeafHealth" */;
			compatibilityVersion = "Xcode 14.0";
			developmentRegion = en;
			hasScannedForEncodings = 0;
			knownRegions = (
				en,
				Base,
			);
			mainGroup = F62EF9D42C6B27840025498E;
			packageReferences = (
				F6856F952C6F509200574B7E /* XCRemoteSwiftPackageReference "SwiftUISpeechToText" */,
			);
			productRefGroup = F62EF9DE2C6B27840025498E /* Products */;
			projectDirPath = "";
			projectRoot = "";
			targets = (
				F62EF9DC2C6B27840025498E /* DeafHealth */,
			);
		};
/* End PBXProject section */

/* Begin PBXResourcesBuildPhase section */
		F62EF9DB2C6B27840025498E /* Resources */ = {
			isa = PBXResourcesBuildPhase;
			buildActionMask = 2147483647;
			files = (
				F62EF9E82C6B27850025498E /* Preview Assets.xcassets in Resources */,
				F62EF9E52C6B27850025498E /* Assets.xcassets in Resources */,
			);
			runOnlyForDeploymentPostprocessing = 0;
		};
/* End PBXResourcesBuildPhase section */

/* Begin PBXSourcesBuildPhase section */
		F62EF9D92C6B27840025498E /* Sources */ = {
			isa = PBXSourcesBuildPhase;
			buildActionMask = 2147483647;
			files = (
				F6A94FFF2C6C486D00F45997 /* TestFullScreenCover.swift in Sources */,
				F62EF9E32C6B27840025498E /* ContentView.swift in Sources */,
				F6A950022C6C5C6700F45997 /* CommunicationPage.swift in Sources */,
				F62EFA0A2C6B41030025498E /* Watermelon.swift in Sources */,
				F62EF9F42C6B293B0025498E /* Complaint.swift in Sources */,
				F6856F992C6F582B00574B7E /* SpeechRecognizer.swift in Sources */,
				F62EFA062C6B3ECB0025498E /* Strawberry.swift in Sources */,
				F62EFA082C6B40D80025498E /* Lemon.swift in Sources */,
				F6A94FFD2C6C47AC00F45997 /* TestSheet.swift in Sources */,
				F62EFA0C2C6B41450025498E /* Pineapple.swift in Sources */,
				F62EFA0F2C6B41A00025498E /* Banana.swift in Sources */,
				F62EFA002C6B2EB10025498E /* ComplaintViewModel.swift in Sources */,
				F62EF9E12C6B27840025498E /* DeafHealthApp.swift in Sources */,
				F62EF9F62C6B2B3D0025498E /* SymptomsDetail.swift in Sources */,
				F62EFA022C6B3C190025498E /* coordinator.swift in Sources */,
				F62EF9FB2C6B2BAF0025498E /* enums.swift in Sources */,
				F62EF9F22C6B27D30025498E /* User.swift in Sources */,
				F62EF9FE2C6B2C010025498E /* LocalDataSource.swift in Sources */,
			);
			runOnlyForDeploymentPostprocessing = 0;
		};
/* End PBXSourcesBuildPhase section */

/* Begin XCBuildConfiguration section */
		F62EF9E92C6B27850025498E /* Debug */ = {
			isa = XCBuildConfiguration;
			buildSettings = {
				ALWAYS_SEARCH_USER_PATHS = NO;
				ASSETCATALOG_COMPILER_GENERATE_SWIFT_ASSET_SYMBOL_EXTENSIONS = YES;
				CLANG_ANALYZER_NONNULL = YES;
				CLANG_ANALYZER_NUMBER_OBJECT_CONVERSION = YES_AGGRESSIVE;
				CLANG_CXX_LANGUAGE_STANDARD = "gnu++20";
				CLANG_ENABLE_MODULES = YES;
				CLANG_ENABLE_OBJC_ARC = YES;
				CLANG_ENABLE_OBJC_WEAK = YES;
				CLANG_WARN_BLOCK_CAPTURE_AUTORELEASING = YES;
				CLANG_WARN_BOOL_CONVERSION = YES;
				CLANG_WARN_COMMA = YES;
				CLANG_WARN_CONSTANT_CONVERSION = YES;
				CLANG_WARN_DEPRECATED_OBJC_IMPLEMENTATIONS = YES;
				CLANG_WARN_DIRECT_OBJC_ISA_USAGE = YES_ERROR;
				CLANG_WARN_DOCUMENTATION_COMMENTS = YES;
				CLANG_WARN_EMPTY_BODY = YES;
				CLANG_WARN_ENUM_CONVERSION = YES;
				CLANG_WARN_INFINITE_RECURSION = YES;
				CLANG_WARN_INT_CONVERSION = YES;
				CLANG_WARN_NON_LITERAL_NULL_CONVERSION = YES;
				CLANG_WARN_OBJC_IMPLICIT_RETAIN_SELF = YES;
				CLANG_WARN_OBJC_LITERAL_CONVERSION = YES;
				CLANG_WARN_OBJC_ROOT_CLASS = YES_ERROR;
				CLANG_WARN_QUOTED_INCLUDE_IN_FRAMEWORK_HEADER = YES;
				CLANG_WARN_RANGE_LOOP_ANALYSIS = YES;
				CLANG_WARN_STRICT_PROTOTYPES = YES;
				CLANG_WARN_SUSPICIOUS_MOVE = YES;
				CLANG_WARN_UNGUARDED_AVAILABILITY = YES_AGGRESSIVE;
				CLANG_WARN_UNREACHABLE_CODE = YES;
				CLANG_WARN__DUPLICATE_METHOD_MATCH = YES;
				COPY_PHASE_STRIP = NO;
				DEBUG_INFORMATION_FORMAT = dwarf;
				ENABLE_STRICT_OBJC_MSGSEND = YES;
				ENABLE_TESTABILITY = YES;
				ENABLE_USER_SCRIPT_SANDBOXING = YES;
				GCC_C_LANGUAGE_STANDARD = gnu17;
				GCC_DYNAMIC_NO_PIC = NO;
				GCC_NO_COMMON_BLOCKS = YES;
				GCC_OPTIMIZATION_LEVEL = 0;
				GCC_PREPROCESSOR_DEFINITIONS = (
					"DEBUG=1",
					"$(inherited)",
				);
				GCC_WARN_64_TO_32_BIT_CONVERSION = YES;
				GCC_WARN_ABOUT_RETURN_TYPE = YES_ERROR;
				GCC_WARN_UNDECLARED_SELECTOR = YES;
				GCC_WARN_UNINITIALIZED_AUTOS = YES_AGGRESSIVE;
				GCC_WARN_UNUSED_FUNCTION = YES;
				GCC_WARN_UNUSED_VARIABLE = YES;
				IPHONEOS_DEPLOYMENT_TARGET = 17.4;
				LOCALIZATION_PREFERS_STRING_CATALOGS = YES;
				MTL_ENABLE_DEBUG_INFO = INCLUDE_SOURCE;
				MTL_FAST_MATH = YES;
				ONLY_ACTIVE_ARCH = YES;
				SDKROOT = iphoneos;
				SWIFT_ACTIVE_COMPILATION_CONDITIONS = "DEBUG $(inherited)";
				SWIFT_OPTIMIZATION_LEVEL = "-Onone";
			};
			name = Debug;
		};
		F62EF9EA2C6B27850025498E /* Release */ = {
			isa = XCBuildConfiguration;
			buildSettings = {
				ALWAYS_SEARCH_USER_PATHS = NO;
				ASSETCATALOG_COMPILER_GENERATE_SWIFT_ASSET_SYMBOL_EXTENSIONS = YES;
				CLANG_ANALYZER_NONNULL = YES;
				CLANG_ANALYZER_NUMBER_OBJECT_CONVERSION = YES_AGGRESSIVE;
				CLANG_CXX_LANGUAGE_STANDARD = "gnu++20";
				CLANG_ENABLE_MODULES = YES;
				CLANG_ENABLE_OBJC_ARC = YES;
				CLANG_ENABLE_OBJC_WEAK = YES;
				CLANG_WARN_BLOCK_CAPTURE_AUTORELEASING = YES;
				CLANG_WARN_BOOL_CONVERSION = YES;
				CLANG_WARN_COMMA = YES;
				CLANG_WARN_CONSTANT_CONVERSION = YES;
				CLANG_WARN_DEPRECATED_OBJC_IMPLEMENTATIONS = YES;
				CLANG_WARN_DIRECT_OBJC_ISA_USAGE = YES_ERROR;
				CLANG_WARN_DOCUMENTATION_COMMENTS = YES;
				CLANG_WARN_EMPTY_BODY = YES;
				CLANG_WARN_ENUM_CONVERSION = YES;
				CLANG_WARN_INFINITE_RECURSION = YES;
				CLANG_WARN_INT_CONVERSION = YES;
				CLANG_WARN_NON_LITERAL_NULL_CONVERSION = YES;
				CLANG_WARN_OBJC_IMPLICIT_RETAIN_SELF = YES;
				CLANG_WARN_OBJC_LITERAL_CONVERSION = YES;
				CLANG_WARN_OBJC_ROOT_CLASS = YES_ERROR;
				CLANG_WARN_QUOTED_INCLUDE_IN_FRAMEWORK_HEADER = YES;
				CLANG_WARN_RANGE_LOOP_ANALYSIS = YES;
				CLANG_WARN_STRICT_PROTOTYPES = YES;
				CLANG_WARN_SUSPICIOUS_MOVE = YES;
				CLANG_WARN_UNGUARDED_AVAILABILITY = YES_AGGRESSIVE;
				CLANG_WARN_UNREACHABLE_CODE = YES;
				CLANG_WARN__DUPLICATE_METHOD_MATCH = YES;
				COPY_PHASE_STRIP = NO;
				DEBUG_INFORMATION_FORMAT = "dwarf-with-dsym";
				ENABLE_NS_ASSERTIONS = NO;
				ENABLE_STRICT_OBJC_MSGSEND = YES;
				ENABLE_USER_SCRIPT_SANDBOXING = YES;
				GCC_C_LANGUAGE_STANDARD = gnu17;
				GCC_NO_COMMON_BLOCKS = YES;
				GCC_WARN_64_TO_32_BIT_CONVERSION = YES;
				GCC_WARN_ABOUT_RETURN_TYPE = YES_ERROR;
				GCC_WARN_UNDECLARED_SELECTOR = YES;
				GCC_WARN_UNINITIALIZED_AUTOS = YES_AGGRESSIVE;
				GCC_WARN_UNUSED_FUNCTION = YES;
				GCC_WARN_UNUSED_VARIABLE = YES;
				IPHONEOS_DEPLOYMENT_TARGET = 17.4;
				LOCALIZATION_PREFERS_STRING_CATALOGS = YES;
				MTL_ENABLE_DEBUG_INFO = NO;
				MTL_FAST_MATH = YES;
				SDKROOT = iphoneos;
				SWIFT_COMPILATION_MODE = wholemodule;
				VALIDATE_PRODUCT = YES;
			};
			name = Release;
		};
		F62EF9EC2C6B27850025498E /* Debug */ = {
			isa = XCBuildConfiguration;
			buildSettings = {
				ASSETCATALOG_COMPILER_APPICON_NAME = AppIcon;
				ASSETCATALOG_COMPILER_GLOBAL_ACCENT_COLOR_NAME = AccentColor;
				CODE_SIGN_STYLE = Automatic;
				CURRENT_PROJECT_VERSION = 1;
				DEVELOPMENT_ASSET_PATHS = "\"DeafHealth/Preview Content\"";
				DEVELOPMENT_TEAM = 49V8Q5W76J;
				ENABLE_PREVIEWS = YES;
				GENERATE_INFOPLIST_FILE = YES;
				INFOPLIST_KEY_NSMicrophoneUsageDescription = "Access microphone to enable speech to text functionality ";
				INFOPLIST_KEY_NSSpeechRecognitionUsageDescription = "Speech Recognition to translate doctor to text";
				INFOPLIST_KEY_UIApplicationSceneManifest_Generation = YES;
				INFOPLIST_KEY_UIApplicationSupportsIndirectInputEvents = YES;
				INFOPLIST_KEY_UILaunchScreen_Generation = YES;
				INFOPLIST_KEY_UISupportedInterfaceOrientations_iPad = "UIInterfaceOrientationPortrait UIInterfaceOrientationPortraitUpsideDown UIInterfaceOrientationLandscapeLeft UIInterfaceOrientationLandscapeRight";
				INFOPLIST_KEY_UISupportedInterfaceOrientations_iPhone = "UIInterfaceOrientationPortrait UIInterfaceOrientationLandscapeLeft UIInterfaceOrientationLandscapeRight";
				LD_RUNPATH_SEARCH_PATHS = (
					"$(inherited)",
					"@executable_path/Frameworks",
				);
				MARKETING_VERSION = 1.0;
				PRODUCT_BUNDLE_IDENTIFIER = test.DeafHealth;
				PRODUCT_NAME = "$(TARGET_NAME)";
				SWIFT_EMIT_LOC_STRINGS = YES;
				SWIFT_VERSION = 5.0;
				TARGETED_DEVICE_FAMILY = "1,2";
			};
			name = Debug;
		};
		F62EF9ED2C6B27850025498E /* Release */ = {
			isa = XCBuildConfiguration;
			buildSettings = {
				ASSETCATALOG_COMPILER_APPICON_NAME = AppIcon;
				ASSETCATALOG_COMPILER_GLOBAL_ACCENT_COLOR_NAME = AccentColor;
				CODE_SIGN_STYLE = Automatic;
				CURRENT_PROJECT_VERSION = 1;
				DEVELOPMENT_ASSET_PATHS = "\"DeafHealth/Preview Content\"";
				DEVELOPMENT_TEAM = 49V8Q5W76J;
				ENABLE_PREVIEWS = YES;
				GENERATE_INFOPLIST_FILE = YES;
				INFOPLIST_KEY_NSMicrophoneUsageDescription = "Access microphone to enable speech to text functionality ";
				INFOPLIST_KEY_NSSpeechRecognitionUsageDescription = "Speech Recognition to translate doctor to text";
				INFOPLIST_KEY_UIApplicationSceneManifest_Generation = YES;
				INFOPLIST_KEY_UIApplicationSupportsIndirectInputEvents = YES;
				INFOPLIST_KEY_UILaunchScreen_Generation = YES;
				INFOPLIST_KEY_UISupportedInterfaceOrientations_iPad = "UIInterfaceOrientationPortrait UIInterfaceOrientationPortraitUpsideDown UIInterfaceOrientationLandscapeLeft UIInterfaceOrientationLandscapeRight";
				INFOPLIST_KEY_UISupportedInterfaceOrientations_iPhone = "UIInterfaceOrientationPortrait UIInterfaceOrientationLandscapeLeft UIInterfaceOrientationLandscapeRight";
				LD_RUNPATH_SEARCH_PATHS = (
					"$(inherited)",
					"@executable_path/Frameworks",
				);
				MARKETING_VERSION = 1.0;
				PRODUCT_BUNDLE_IDENTIFIER = test.DeafHealth;
				PRODUCT_NAME = "$(TARGET_NAME)";
				SWIFT_EMIT_LOC_STRINGS = YES;
				SWIFT_VERSION = 5.0;
				TARGETED_DEVICE_FAMILY = "1,2";
			};
			name = Release;
		};
/* End XCBuildConfiguration section */

/* Begin XCConfigurationList section */
		F62EF9D82C6B27840025498E /* Build configuration list for PBXProject "DeafHealth" */ = {
			isa = XCConfigurationList;
			buildConfigurations = (
				F62EF9E92C6B27850025498E /* Debug */,
				F62EF9EA2C6B27850025498E /* Release */,
			);
			defaultConfigurationIsVisible = 0;
			defaultConfigurationName = Release;
		};
		F62EF9EB2C6B27850025498E /* Build configuration list for PBXNativeTarget "DeafHealth" */ = {
			isa = XCConfigurationList;
			buildConfigurations = (
				F62EF9EC2C6B27850025498E /* Debug */,
				F62EF9ED2C6B27850025498E /* Release */,
			);
			defaultConfigurationIsVisible = 0;
			defaultConfigurationName = Release;
		};
/* End XCConfigurationList section */

/* Begin XCRemoteSwiftPackageReference section */
		F6856F952C6F509200574B7E /* XCRemoteSwiftPackageReference "SwiftUISpeechToText" */ = {
			isa = XCRemoteSwiftPackageReference;
			repositoryURL = "https://github.com/pandashashwat97/SwiftUISpeechToText.git";
			requirement = {
				branch = main;
				kind = branch;
			};
		};
/* End XCRemoteSwiftPackageReference section */
	};
	rootObject = F62EF9D52C6B27840025498E /* Project object */;
}
