// !$*UTF8*$!
{
	archiveVersion = 1;
	classes = {
	};
	objectVersion = 56;
	objects = {

/* Begin PBXBuildFile section */
		9B0F1FEC2C74574200030F0C /* CustomSlider.swift in Sources */ = {isa = PBXBuildFile; fileRef = 9B0F1FEB2C74574200030F0C /* CustomSlider.swift */; };
		A255E0242C72045000274DF5 /* ConsultationMenuView.swift in Sources */ = {isa = PBXBuildFile; fileRef = A255E0232C72045000274DF5 /* ConsultationMenuView.swift */; };
		A255E03D2C7585BE00274DF5 /* RoundedCorner.swift in Sources */ = {isa = PBXBuildFile; fileRef = A255E03C2C7585BE00274DF5 /* RoundedCorner.swift */; };
		A2A0C5472C6F68B0002240E2 /* ComplaintView.swift in Sources */ = {isa = PBXBuildFile; fileRef = A2A0C5462C6F68B0002240E2 /* ComplaintView.swift */; };
		A2A0C5492C6F6922002240E2 /* SelectBodyPartView.swift in Sources */ = {isa = PBXBuildFile; fileRef = A2A0C5482C6F6922002240E2 /* SelectBodyPartView.swift */; };
		A2A0C5512C6F69D6002240E2 /* SymptomStartTimeView.swift in Sources */ = {isa = PBXBuildFile; fileRef = A2A0C5502C6F69D6002240E2 /* SymptomStartTimeView.swift */; };
		A2A0C5532C6F69E1002240E2 /* SymptomSeverityView.swift in Sources */ = {isa = PBXBuildFile; fileRef = A2A0C5522C6F69E1002240E2 /* SymptomSeverityView.swift */; };
		A2A0C5552C6F69ED002240E2 /* SymptomWorseningFactorsView.swift in Sources */ = {isa = PBXBuildFile; fileRef = A2A0C5542C6F69ED002240E2 /* SymptomWorseningFactorsView.swift */; };
		A2A0C5572C6F69FB002240E2 /* SymptomImprovementFactorsView.swift in Sources */ = {isa = PBXBuildFile; fileRef = A2A0C5562C6F69FB002240E2 /* SymptomImprovementFactorsView.swift */; };
		A2A0C55B2C6F6A15002240E2 /* PreviousConsultationView.swift in Sources */ = {isa = PBXBuildFile; fileRef = A2A0C55A2C6F6A15002240E2 /* PreviousConsultationView.swift */; };
		A2A0C55D2C6F6A1C002240E2 /* SummaryView.swift in Sources */ = {isa = PBXBuildFile; fileRef = A2A0C55C2C6F6A1C002240E2 /* SummaryView.swift */; };
		A2A0C55F2C709032002240E2 /* ComplaintFlowView.swift in Sources */ = {isa = PBXBuildFile; fileRef = A2A0C55E2C709032002240E2 /* ComplaintFlowView.swift */; };
		F61AA4E52C743AE6007CDCA6 /* RecordingSheet.swift in Sources */ = {isa = PBXBuildFile; fileRef = F61AA4E42C743AE6007CDCA6 /* RecordingSheet.swift */; };
		F61AA4E72C745447007CDCA6 /* MessageBubble.swift in Sources */ = {isa = PBXBuildFile; fileRef = F61AA4E62C745447007CDCA6 /* MessageBubble.swift */; };
		F61AA4E92C7454F7007CDCA6 /* MessageViewModel.swift in Sources */ = {isa = PBXBuildFile; fileRef = F61AA4E82C7454F7007CDCA6 /* MessageViewModel.swift */; };
		F62EF9E12C6B27840025498E /* DeafHealthApp.swift in Sources */ = {isa = PBXBuildFile; fileRef = F62EF9E02C6B27840025498E /* DeafHealthApp.swift */; };
		F62EF9E32C6B27840025498E /* ContentView.swift in Sources */ = {isa = PBXBuildFile; fileRef = F62EF9E22C6B27840025498E /* ContentView.swift */; };
		F62EF9E52C6B27850025498E /* Assets.xcassets in Resources */ = {isa = PBXBuildFile; fileRef = F62EF9E42C6B27850025498E /* Assets.xcassets */; };
		F62EF9E82C6B27850025498E /* Preview Assets.xcassets in Resources */ = {isa = PBXBuildFile; fileRef = F62EF9E72C6B27850025498E /* Preview Assets.xcassets */; };
		F62EF9F22C6B27D30025498E /* User.swift in Sources */ = {isa = PBXBuildFile; fileRef = F62EF9F12C6B27D30025498E /* User.swift */; };
		F62EF9F42C6B293B0025498E /* Complaint.swift in Sources */ = {isa = PBXBuildFile; fileRef = F62EF9F32C6B293B0025498E /* Complaint.swift */; };
		F62EF9F62C6B2B3D0025498E /* SymptomsDetail.swift in Sources */ = {isa = PBXBuildFile; fileRef = F62EF9F52C6B2B3D0025498E /* SymptomsDetail.swift */; };
		F62EF9FE2C6B2C010025498E /* LocalDataSource.swift in Sources */ = {isa = PBXBuildFile; fileRef = F62EF9FD2C6B2C010025498E /* LocalDataSource.swift */; };
		F62EFA002C6B2EB10025498E /* ComplaintViewModel.swift in Sources */ = {isa = PBXBuildFile; fileRef = F62EF9FF2C6B2EB10025498E /* ComplaintViewModel.swift */; };
		F62EFA022C6B3C190025498E /* Coordinator.swift in Sources */ = {isa = PBXBuildFile; fileRef = F62EFA012C6B3C190025498E /* Coordinator.swift */; };
		F62EFA062C6B3ECB0025498E /* Strawberry.swift in Sources */ = {isa = PBXBuildFile; fileRef = F62EFA052C6B3ECB0025498E /* Strawberry.swift */; };
		F62EFA082C6B40D80025498E /* Lemon.swift in Sources */ = {isa = PBXBuildFile; fileRef = F62EFA072C6B40D80025498E /* Lemon.swift */; };
		F62EFA0A2C6B41030025498E /* Watermelon.swift in Sources */ = {isa = PBXBuildFile; fileRef = F62EFA092C6B41030025498E /* Watermelon.swift */; };
		F62EFA0C2C6B41450025498E /* Pineapple.swift in Sources */ = {isa = PBXBuildFile; fileRef = F62EFA0B2C6B41450025498E /* Pineapple.swift */; };
		F62EFA0F2C6B41A00025498E /* Banana.swift in Sources */ = {isa = PBXBuildFile; fileRef = F62EFA0E2C6B41A00025498E /* Banana.swift */; };
		F67F89242C75B15000FBB6CE /* CommunicationPageTests.swift in Sources */ = {isa = PBXBuildFile; fileRef = F67F89232C75B15000FBB6CE /* CommunicationPageTests.swift */; };
		F6856F992C6F582B00574B7E /* SpeechViewModel.swift in Sources */ = {isa = PBXBuildFile; fileRef = F6856F982C6F582B00574B7E /* SpeechViewModel.swift */; };
		F6A94FFD2C6C47AC00F45997 /* TestSheet.swift in Sources */ = {isa = PBXBuildFile; fileRef = F6A94FFC2C6C47AC00F45997 /* TestSheet.swift */; };
		F6A94FFF2C6C486D00F45997 /* TestFullScreenCover.swift in Sources */ = {isa = PBXBuildFile; fileRef = F6A94FFE2C6C486D00F45997 /* TestFullScreenCover.swift */; };
		F6A950022C6C5C6700F45997 /* CommunicationPage.swift in Sources */ = {isa = PBXBuildFile; fileRef = F6A950012C6C5C6700F45997 /* CommunicationPage.swift */; };
		F6B739722C758FA900B2AA63 /* HomePage.swift in Sources */ = {isa = PBXBuildFile; fileRef = F6B739712C758FA900B2AA63 /* HomePage.swift */; };
		F6B739822C75AD3500B2AA63 /* MediSignTests.swift in Sources */ = {isa = PBXBuildFile; fileRef = F6B739812C75AD3500B2AA63 /* MediSignTests.swift */; };
		F6B739892C75AD6D00B2AA63 /* ComplaintViewModelTests.swift in Sources */ = {isa = PBXBuildFile; fileRef = F6B739882C75AD6D00B2AA63 /* ComplaintViewModelTests.swift */; };
		F6B7398B2C75ADC200B2AA63 /* MessageViewModelTests.swift in Sources */ = {isa = PBXBuildFile; fileRef = F6B7398A2C75ADC200B2AA63 /* MessageViewModelTests.swift */; };
		F6B7398E2C75AE2500B2AA63 /* SpeechViewModelTests.swift in Sources */ = {isa = PBXBuildFile; fileRef = F6B7398D2C75AE2500B2AA63 /* SpeechViewModelTests.swift */; };
		F6D07E402C6F79DB006113FB /* MessageModel.swift in Sources */ = {isa = PBXBuildFile; fileRef = F6D07E3F2C6F79DB006113FB /* MessageModel.swift */; };
		F6E9221D2C75BBD9000D3833 /* AppColors.swift in Sources */ = {isa = PBXBuildFile; fileRef = F6E9221C2C75BBD9000D3833 /* AppColors.swift */; };
		F6E922202C75BCF3000D3833 /* AppLabel.swift in Sources */ = {isa = PBXBuildFile; fileRef = F6E9221F2C75BCF3000D3833 /* AppLabel.swift */; };
		F6E922222C75BD9F000D3833 /* Decimal.swift in Sources */ = {isa = PBXBuildFile; fileRef = F6E922212C75BD9F000D3833 /* Decimal.swift */; };
		F6E922292C75DDCF000D3833 /* Role.swift in Sources */ = {isa = PBXBuildFile; fileRef = F6E922282C75DDCF000D3833 /* Role.swift */; };
		F6E922362C75DF2A000D3833 /* SymptomsType.swift in Sources */ = {isa = PBXBuildFile; fileRef = F6E922352C75DF2A000D3833 /* SymptomsType.swift */; };
		F6E922382C75DF62000D3833 /* Gender.swift in Sources */ = {isa = PBXBuildFile; fileRef = F6E922372C75DF62000D3833 /* Gender.swift */; };
/* End PBXBuildFile section */

/* Begin PBXContainerItemProxy section */
		F6B739832C75AD3500B2AA63 /* PBXContainerItemProxy */ = {
			isa = PBXContainerItemProxy;
			containerPortal = F62EF9D52C6B27840025498E /* Project object */;
			proxyType = 1;
			remoteGlobalIDString = F62EF9DC2C6B27840025498E;
			remoteInfo = DeafHealth;
		};
/* End PBXContainerItemProxy section */

/* Begin PBXFileReference section */
		9B0F1FEB2C74574200030F0C /* CustomSlider.swift */ = {isa = PBXFileReference; lastKnownFileType = sourcecode.swift; path = CustomSlider.swift; sourceTree = "<group>"; };
		A255E0232C72045000274DF5 /* ConsultationMenuView.swift */ = {isa = PBXFileReference; lastKnownFileType = sourcecode.swift; path = ConsultationMenuView.swift; sourceTree = "<group>"; };
		A255E03C2C7585BE00274DF5 /* RoundedCorner.swift */ = {isa = PBXFileReference; lastKnownFileType = sourcecode.swift; path = RoundedCorner.swift; sourceTree = "<group>"; };
		A2A0C5462C6F68B0002240E2 /* ComplaintView.swift */ = {isa = PBXFileReference; lastKnownFileType = sourcecode.swift; path = ComplaintView.swift; sourceTree = "<group>"; };
		A2A0C5482C6F6922002240E2 /* SelectBodyPartView.swift */ = {isa = PBXFileReference; lastKnownFileType = sourcecode.swift; path = SelectBodyPartView.swift; sourceTree = "<group>"; };
		A2A0C5502C6F69D6002240E2 /* SymptomStartTimeView.swift */ = {isa = PBXFileReference; lastKnownFileType = sourcecode.swift; path = SymptomStartTimeView.swift; sourceTree = "<group>"; };
		A2A0C5522C6F69E1002240E2 /* SymptomSeverityView.swift */ = {isa = PBXFileReference; lastKnownFileType = sourcecode.swift; path = SymptomSeverityView.swift; sourceTree = "<group>"; };
		A2A0C5542C6F69ED002240E2 /* SymptomWorseningFactorsView.swift */ = {isa = PBXFileReference; lastKnownFileType = sourcecode.swift; path = SymptomWorseningFactorsView.swift; sourceTree = "<group>"; };
		A2A0C5562C6F69FB002240E2 /* SymptomImprovementFactorsView.swift */ = {isa = PBXFileReference; lastKnownFileType = sourcecode.swift; path = SymptomImprovementFactorsView.swift; sourceTree = "<group>"; };
		A2A0C55A2C6F6A15002240E2 /* PreviousConsultationView.swift */ = {isa = PBXFileReference; lastKnownFileType = sourcecode.swift; path = PreviousConsultationView.swift; sourceTree = "<group>"; };
		A2A0C55C2C6F6A1C002240E2 /* SummaryView.swift */ = {isa = PBXFileReference; lastKnownFileType = sourcecode.swift; path = SummaryView.swift; sourceTree = "<group>"; };
		A2A0C55E2C709032002240E2 /* ComplaintFlowView.swift */ = {isa = PBXFileReference; lastKnownFileType = sourcecode.swift; path = ComplaintFlowView.swift; sourceTree = "<group>"; };
		F61AA4E42C743AE6007CDCA6 /* RecordingSheet.swift */ = {isa = PBXFileReference; lastKnownFileType = sourcecode.swift; path = RecordingSheet.swift; sourceTree = "<group>"; };
		F61AA4E62C745447007CDCA6 /* MessageBubble.swift */ = {isa = PBXFileReference; lastKnownFileType = sourcecode.swift; path = MessageBubble.swift; sourceTree = "<group>"; };
		F61AA4E82C7454F7007CDCA6 /* MessageViewModel.swift */ = {isa = PBXFileReference; lastKnownFileType = sourcecode.swift; path = MessageViewModel.swift; sourceTree = "<group>"; };
		F62EF9DD2C6B27840025498E /* DeafHealth.app */ = {isa = PBXFileReference; explicitFileType = wrapper.application; includeInIndex = 0; path = DeafHealth.app; sourceTree = BUILT_PRODUCTS_DIR; };
		F62EF9E02C6B27840025498E /* DeafHealthApp.swift */ = {isa = PBXFileReference; lastKnownFileType = sourcecode.swift; path = DeafHealthApp.swift; sourceTree = "<group>"; };
		F62EF9E22C6B27840025498E /* ContentView.swift */ = {isa = PBXFileReference; lastKnownFileType = sourcecode.swift; path = ContentView.swift; sourceTree = "<group>"; };
		F62EF9E42C6B27850025498E /* Assets.xcassets */ = {isa = PBXFileReference; lastKnownFileType = folder.assetcatalog; path = Assets.xcassets; sourceTree = "<group>"; };
		F62EF9E72C6B27850025498E /* Preview Assets.xcassets */ = {isa = PBXFileReference; lastKnownFileType = folder.assetcatalog; path = "Preview Assets.xcassets"; sourceTree = "<group>"; };
		F62EF9F12C6B27D30025498E /* User.swift */ = {isa = PBXFileReference; lastKnownFileType = sourcecode.swift; path = User.swift; sourceTree = "<group>"; };
		F62EF9F32C6B293B0025498E /* Complaint.swift */ = {isa = PBXFileReference; lastKnownFileType = sourcecode.swift; path = Complaint.swift; sourceTree = "<group>"; };
		F62EF9F52C6B2B3D0025498E /* SymptomsDetail.swift */ = {isa = PBXFileReference; lastKnownFileType = sourcecode.swift; path = SymptomsDetail.swift; sourceTree = "<group>"; };
		F62EF9FD2C6B2C010025498E /* LocalDataSource.swift */ = {isa = PBXFileReference; lastKnownFileType = sourcecode.swift; path = LocalDataSource.swift; sourceTree = "<group>"; };
		F62EF9FF2C6B2EB10025498E /* ComplaintViewModel.swift */ = {isa = PBXFileReference; lastKnownFileType = sourcecode.swift; path = ComplaintViewModel.swift; sourceTree = "<group>"; };
		F62EFA012C6B3C190025498E /* Coordinator.swift */ = {isa = PBXFileReference; lastKnownFileType = sourcecode.swift; path = Coordinator.swift; sourceTree = "<group>"; };
		F62EFA052C6B3ECB0025498E /* Strawberry.swift */ = {isa = PBXFileReference; lastKnownFileType = sourcecode.swift; path = Strawberry.swift; sourceTree = "<group>"; };
		F62EFA072C6B40D80025498E /* Lemon.swift */ = {isa = PBXFileReference; lastKnownFileType = sourcecode.swift; path = Lemon.swift; sourceTree = "<group>"; };
		F62EFA092C6B41030025498E /* Watermelon.swift */ = {isa = PBXFileReference; lastKnownFileType = sourcecode.swift; path = Watermelon.swift; sourceTree = "<group>"; };
		F62EFA0B2C6B41450025498E /* Pineapple.swift */ = {isa = PBXFileReference; lastKnownFileType = sourcecode.swift; path = Pineapple.swift; sourceTree = "<group>"; };
		F62EFA0E2C6B41A00025498E /* Banana.swift */ = {isa = PBXFileReference; lastKnownFileType = sourcecode.swift; path = Banana.swift; sourceTree = "<group>"; };
		F67F89232C75B15000FBB6CE /* CommunicationPageTests.swift */ = {isa = PBXFileReference; lastKnownFileType = sourcecode.swift; path = CommunicationPageTests.swift; sourceTree = "<group>"; };
		F6856F982C6F582B00574B7E /* SpeechViewModel.swift */ = {isa = PBXFileReference; lastKnownFileType = sourcecode.swift; path = SpeechViewModel.swift; sourceTree = "<group>"; };
		F6A94FFC2C6C47AC00F45997 /* TestSheet.swift */ = {isa = PBXFileReference; lastKnownFileType = sourcecode.swift; path = TestSheet.swift; sourceTree = "<group>"; };
		F6A94FFE2C6C486D00F45997 /* TestFullScreenCover.swift */ = {isa = PBXFileReference; lastKnownFileType = sourcecode.swift; path = TestFullScreenCover.swift; sourceTree = "<group>"; };
		F6A950012C6C5C6700F45997 /* CommunicationPage.swift */ = {isa = PBXFileReference; lastKnownFileType = sourcecode.swift; path = CommunicationPage.swift; sourceTree = "<group>"; };
		F6B739712C758FA900B2AA63 /* HomePage.swift */ = {isa = PBXFileReference; lastKnownFileType = sourcecode.swift; path = HomePage.swift; sourceTree = "<group>"; };
		F6B7397F2C75AD3500B2AA63 /* MediSignTests.xctest */ = {isa = PBXFileReference; explicitFileType = wrapper.cfbundle; includeInIndex = 0; path = MediSignTests.xctest; sourceTree = BUILT_PRODUCTS_DIR; };
		F6B739812C75AD3500B2AA63 /* MediSignTests.swift */ = {isa = PBXFileReference; lastKnownFileType = sourcecode.swift; path = MediSignTests.swift; sourceTree = "<group>"; };
		F6B739882C75AD6D00B2AA63 /* ComplaintViewModelTests.swift */ = {isa = PBXFileReference; lastKnownFileType = sourcecode.swift; path = ComplaintViewModelTests.swift; sourceTree = "<group>"; };
		F6B7398A2C75ADC200B2AA63 /* MessageViewModelTests.swift */ = {isa = PBXFileReference; lastKnownFileType = sourcecode.swift; path = MessageViewModelTests.swift; sourceTree = "<group>"; };
		F6B7398D2C75AE2500B2AA63 /* SpeechViewModelTests.swift */ = {isa = PBXFileReference; lastKnownFileType = sourcecode.swift; path = SpeechViewModelTests.swift; sourceTree = "<group>"; };
		F6D07E3F2C6F79DB006113FB /* MessageModel.swift */ = {isa = PBXFileReference; lastKnownFileType = sourcecode.swift; path = MessageModel.swift; sourceTree = "<group>"; };
		F6E9221C2C75BBD9000D3833 /* AppColors.swift */ = {isa = PBXFileReference; lastKnownFileType = sourcecode.swift; path = AppColors.swift; sourceTree = "<group>"; };
		F6E9221F2C75BCF3000D3833 /* AppLabel.swift */ = {isa = PBXFileReference; lastKnownFileType = sourcecode.swift; path = AppLabel.swift; sourceTree = "<group>"; };
		F6E922212C75BD9F000D3833 /* Decimal.swift */ = {isa = PBXFileReference; lastKnownFileType = sourcecode.swift; path = Decimal.swift; sourceTree = "<group>"; };
		F6E922282C75DDCF000D3833 /* Role.swift */ = {isa = PBXFileReference; lastKnownFileType = sourcecode.swift; path = Role.swift; sourceTree = "<group>"; };
		F6E922352C75DF2A000D3833 /* SymptomsType.swift */ = {isa = PBXFileReference; lastKnownFileType = sourcecode.swift; path = SymptomsType.swift; sourceTree = "<group>"; };
		F6E922372C75DF62000D3833 /* Gender.swift */ = {isa = PBXFileReference; lastKnownFileType = sourcecode.swift; path = Gender.swift; sourceTree = "<group>"; };
/* End PBXFileReference section */

/* Begin PBXFrameworksBuildPhase section */
		F62EF9DA2C6B27840025498E /* Frameworks */ = {
			isa = PBXFrameworksBuildPhase;
			buildActionMask = 2147483647;
			files = (
			);
			runOnlyForDeploymentPostprocessing = 0;
		};
		F6B7397C2C75AD3500B2AA63 /* Frameworks */ = {
			isa = PBXFrameworksBuildPhase;
			buildActionMask = 2147483647;
			files = (
			);
			runOnlyForDeploymentPostprocessing = 0;
		};
/* End PBXFrameworksBuildPhase section */

/* Begin PBXGroup section */
		F62EF9D42C6B27840025498E = {
			isa = PBXGroup;
			children = (
				F62EF9DF2C6B27840025498E /* DeafHealth */,
				F6B739802C75AD3500B2AA63 /* MediSignTests */,
				F62EF9DE2C6B27840025498E /* Products */,
			);
			sourceTree = "<group>";
		};
		F62EF9DE2C6B27840025498E /* Products */ = {
			isa = PBXGroup;
			children = (
				F62EF9DD2C6B27840025498E /* DeafHealth.app */,
				F6B7397F2C75AD3500B2AA63 /* MediSignTests.xctest */,
			);
			name = Products;
			sourceTree = "<group>";
		};
		F62EF9DF2C6B27840025498E /* DeafHealth */ = {
			isa = PBXGroup;
			children = (
				F6E922112C75BAAE000D3833 /* Shared */,
				F6E922122C75BAC5000D3833 /* Modules */,
				F62EF9E02C6B27840025498E /* DeafHealthApp.swift */,
				F62EF9E22C6B27840025498E /* ContentView.swift */,
				F62EF9E42C6B27850025498E /* Assets.xcassets */,
				F62EF9E62C6B27850025498E /* Preview Content */,
			);
			path = DeafHealth;
			sourceTree = "<group>";
		};
		F62EF9E62C6B27850025498E /* Preview Content */ = {
			isa = PBXGroup;
			children = (
				F62EF9E72C6B27850025498E /* Preview Assets.xcassets */,
			);
			path = "Preview Content";
			sourceTree = "<group>";
		};
		F62EF9FC2C6B2BCC0025498E /* DataSource */ = {
			isa = PBXGroup;
			children = (
				F62EF9FD2C6B2C010025498E /* LocalDataSource.swift */,
			);
			path = DataSource;
			sourceTree = "<group>";
		};
		F62EFA032C6B3C450025498E /* Coordinator */ = {
			isa = PBXGroup;
			children = (
				F62EFA012C6B3C190025498E /* Coordinator.swift */,
			);
			path = Coordinator;
			sourceTree = "<group>";
		};
		F62EFA042C6B3EB70025498E /* Example */ = {
			isa = PBXGroup;
			children = (
				F62EFA052C6B3ECB0025498E /* Strawberry.swift */,
				F62EFA072C6B40D80025498E /* Lemon.swift */,
				F62EFA0E2C6B41A00025498E /* Banana.swift */,
				F62EFA092C6B41030025498E /* Watermelon.swift */,
				F62EFA0B2C6B41450025498E /* Pineapple.swift */,
				F6A94FFC2C6C47AC00F45997 /* TestSheet.swift */,
				F6A94FFE2C6C486D00F45997 /* TestFullScreenCover.swift */,
			);
			path = Example;
			sourceTree = "<group>";
		};
		F6B739802C75AD3500B2AA63 /* MediSignTests */ = {
			isa = PBXGroup;
			children = (
				F6B739812C75AD3500B2AA63 /* MediSignTests.swift */,
				F6B739882C75AD6D00B2AA63 /* ComplaintViewModelTests.swift */,
				F6B7398A2C75ADC200B2AA63 /* MessageViewModelTests.swift */,
				F6B7398D2C75AE2500B2AA63 /* SpeechViewModelTests.swift */,
				F67F89232C75B15000FBB6CE /* CommunicationPageTests.swift */,
			);
			path = MediSignTests;
			sourceTree = "<group>";
		};
		F6E922112C75BAAE000D3833 /* Shared */ = {
			isa = PBXGroup;
			children = (
				F62EF9FC2C6B2BCC0025498E /* DataSource */,
				F6E9221E2C75BCDF000D3833 /* Constants */,
				F6E922192C75BB69000D3833 /* Themes */,
				F62EFA032C6B3C450025498E /* Coordinator */,
			);
			path = Shared;
			sourceTree = "<group>";
		};
		F6E922122C75BAC5000D3833 /* Modules */ = {
			isa = PBXGroup;
			children = (
				F62EFA042C6B3EB70025498E /* Example */,
				F6E9222D2C75DE42000D3833 /* Profile */,
				F6E922242C75DD8A000D3833 /* Communication */,
				F6E922132C75BACF000D3833 /* Onboarding */,
				F6E922232C75BE5C000D3833 /* Consultation */,
			);
			path = Modules;
			sourceTree = "<group>";
		};
		F6E922132C75BACF000D3833 /* Onboarding */ = {
			isa = PBXGroup;
			children = (
				F6E922142C75BADE000D3833 /* Models */,
				F6E922152C75BAE3000D3833 /* ViewModels */,
				F6E922162C75BAE9000D3833 /* Presentations */,
			);
			path = Onboarding;
			sourceTree = "<group>";
		};
		F6E922142C75BADE000D3833 /* Models */ = {
			isa = PBXGroup;
			children = (
				F62EF9F12C6B27D30025498E /* User.swift */,
			);
			path = Models;
			sourceTree = "<group>";
		};
		F6E922152C75BAE3000D3833 /* ViewModels */ = {
			isa = PBXGroup;
			children = (
			);
			path = ViewModels;
			sourceTree = "<group>";
		};
		F6E922162C75BAE9000D3833 /* Presentations */ = {
			isa = PBXGroup;
			children = (
				F6E922172C75BAFB000D3833 /* Views */,
				F6E922182C75BB00000D3833 /* Components */,
			);
			path = Presentations;
			sourceTree = "<group>";
		};
		F6E922172C75BAFB000D3833 /* Views */ = {
			isa = PBXGroup;
			children = (
			);
			path = Views;
			sourceTree = "<group>";
		};
		F6E922182C75BB00000D3833 /* Components */ = {
			isa = PBXGroup;
			children = (
			);
			path = Components;
			sourceTree = "<group>";
		};
		F6E922192C75BB69000D3833 /* Themes */ = {
			isa = PBXGroup;
			children = (
				F6E9221B2C75BB7F000D3833 /* Components */,
				F6E9221A2C75BB70000D3833 /* Views */,
				F6E9221C2C75BBD9000D3833 /* AppColors.swift */,
			);
			path = Themes;
			sourceTree = "<group>";
		};
		F6E9221A2C75BB70000D3833 /* Views */ = {
			isa = PBXGroup;
			children = (
			);
			path = Views;
			sourceTree = "<group>";
		};
		F6E9221B2C75BB7F000D3833 /* Components */ = {
			isa = PBXGroup;
			children = (
			);
			path = Components;
			sourceTree = "<group>";
		};
		F6E9221E2C75BCDF000D3833 /* Constants */ = {
			isa = PBXGroup;
			children = (
				F6E9221F2C75BCF3000D3833 /* AppLabel.swift */,
				F6E922212C75BD9F000D3833 /* Decimal.swift */,
			);
			path = Constants;
			sourceTree = "<group>";
		};
		F6E922232C75BE5C000D3833 /* Consultation */ = {
			isa = PBXGroup;
			children = (
				F6E9222C2C75DE0C000D3833 /* Models */,
				F6E9222B2C75DE02000D3833 /* ViewModels */,
				F6E9222A2C75DDFC000D3833 /* Presentations */,
			);
			path = Consultation;
			sourceTree = "<group>";
		};
		F6E922242C75DD8A000D3833 /* Communication */ = {
			isa = PBXGroup;
			children = (
				F6E922272C75DDA3000D3833 /* Models */,
				F6E922262C75DD95000D3833 /* ViewModels */,
				F6E922252C75DD90000D3833 /* Presentations */,
			);
			path = Communication;
			sourceTree = "<group>";
		};
		F6E922252C75DD90000D3833 /* Presentations */ = {
			isa = PBXGroup;
			children = (
				F6E922322C75DEB3000D3833 /* Views */,
				F6E922312C75DEAE000D3833 /* Components */,
			);
			path = Presentations;
			sourceTree = "<group>";
		};
		F6E922262C75DD95000D3833 /* ViewModels */ = {
			isa = PBXGroup;
			children = (
				F61AA4E82C7454F7007CDCA6 /* MessageViewModel.swift */,
				F6856F982C6F582B00574B7E /* SpeechViewModel.swift */,
			);
			path = ViewModels;
			sourceTree = "<group>";
		};
		F6E922272C75DDA3000D3833 /* Models */ = {
			isa = PBXGroup;
			children = (
				F6D07E3F2C6F79DB006113FB /* MessageModel.swift */,
				F6E922282C75DDCF000D3833 /* Role.swift */,
			);
			path = Models;
			sourceTree = "<group>";
		};
		F6E9222A2C75DDFC000D3833 /* Presentations */ = {
			isa = PBXGroup;
			children = (
				F6E922342C75DEF3000D3833 /* Components */,
				F6E922332C75DEED000D3833 /* Views */,
			);
			path = Presentations;
			sourceTree = "<group>";
		};
		F6E9222B2C75DE02000D3833 /* ViewModels */ = {
			isa = PBXGroup;
			children = (
				F62EF9FF2C6B2EB10025498E /* ComplaintViewModel.swift */,
			);
			path = ViewModels;
			sourceTree = "<group>";
		};
		F6E9222C2C75DE0C000D3833 /* Models */ = {
			isa = PBXGroup;
			children = (
				F62EF9F52C6B2B3D0025498E /* SymptomsDetail.swift */,
				F62EF9F32C6B293B0025498E /* Complaint.swift */,
				F6E922352C75DF2A000D3833 /* SymptomsType.swift */,
			);
			path = Models;
			sourceTree = "<group>";
		};
		F6E9222D2C75DE42000D3833 /* Profile */ = {
			isa = PBXGroup;
			children = (
				F6E922302C75DE57000D3833 /* Models */,
				F6E9222F2C75DE50000D3833 /* ViewModels */,
				F6E9222E2C75DE4A000D3833 /* Views */,
			);
			path = Profile;
			sourceTree = "<group>";
		};
		F6E9222E2C75DE4A000D3833 /* Views */ = {
			isa = PBXGroup;
			children = (
			);
			path = Views;
			sourceTree = "<group>";
		};
		F6E9222F2C75DE50000D3833 /* ViewModels */ = {
			isa = PBXGroup;
			children = (
			);
			path = ViewModels;
			sourceTree = "<group>";
		};
		F6E922302C75DE57000D3833 /* Models */ = {
			isa = PBXGroup;
			children = (
				F6E922372C75DF62000D3833 /* Gender.swift */,
			);
			path = Models;
			sourceTree = "<group>";
		};
		F6E922312C75DEAE000D3833 /* Components */ = {
			isa = PBXGroup;
			children = (
			);
			path = Components;
			sourceTree = "<group>";
		};
		F6E922322C75DEB3000D3833 /* Views */ = {
			isa = PBXGroup;
			children = (
				F6A950012C6C5C6700F45997 /* CommunicationPage.swift */,
				F61AA4E42C743AE6007CDCA6 /* RecordingSheet.swift */,
				F61AA4E62C745447007CDCA6 /* MessageBubble.swift */,
			);
			path = Views;
			sourceTree = "<group>";
		};
		F6E922332C75DEED000D3833 /* Views */ = {
			isa = PBXGroup;
			children = (
				F6B739712C758FA900B2AA63 /* HomePage.swift */,
				A2A0C5462C6F68B0002240E2 /* ComplaintView.swift */,
				A2A0C5482C6F6922002240E2 /* SelectBodyPartView.swift */,
				A2A0C5502C6F69D6002240E2 /* SymptomStartTimeView.swift */,
				A2A0C5522C6F69E1002240E2 /* SymptomSeverityView.swift */,
				A2A0C5542C6F69ED002240E2 /* SymptomWorseningFactorsView.swift */,
				A2A0C5562C6F69FB002240E2 /* SymptomImprovementFactorsView.swift */,
				A2A0C55A2C6F6A15002240E2 /* PreviousConsultationView.swift */,
				A2A0C55C2C6F6A1C002240E2 /* SummaryView.swift */,
				A2A0C55E2C709032002240E2 /* ComplaintFlowView.swift */,
				A255E0232C72045000274DF5 /* ConsultationMenuView.swift */,
			);
			path = Views;
			sourceTree = "<group>";
		};
		F6E922342C75DEF3000D3833 /* Components */ = {
			isa = PBXGroup;
			children = (
				9B0F1FEB2C74574200030F0C /* CustomSlider.swift */,
				A255E03C2C7585BE00274DF5 /* RoundedCorner.swift */,
			);
			path = Components;
			sourceTree = "<group>";
		};
/* End PBXGroup section */

/* Begin PBXNativeTarget section */
		F62EF9DC2C6B27840025498E /* DeafHealth */ = {
			isa = PBXNativeTarget;
			buildConfigurationList = F62EF9EB2C6B27850025498E /* Build configuration list for PBXNativeTarget "DeafHealth" */;
			buildPhases = (
				F62EF9D92C6B27840025498E /* Sources */,
				F62EF9DA2C6B27840025498E /* Frameworks */,
				F62EF9DB2C6B27840025498E /* Resources */,
			);
			buildRules = (
			);
			dependencies = (
			);
			name = DeafHealth;
			packageProductDependencies = (
			);
			productName = DeafHealth;
			productReference = F62EF9DD2C6B27840025498E /* DeafHealth.app */;
			productType = "com.apple.product-type.application";
		};
		F6B7397E2C75AD3500B2AA63 /* MediSignTests */ = {
			isa = PBXNativeTarget;
			buildConfigurationList = F6B739852C75AD3500B2AA63 /* Build configuration list for PBXNativeTarget "MediSignTests" */;
			buildPhases = (
				F6B7397B2C75AD3500B2AA63 /* Sources */,
				F6B7397C2C75AD3500B2AA63 /* Frameworks */,
				F6B7397D2C75AD3500B2AA63 /* Resources */,
			);
			buildRules = (
			);
			dependencies = (
				F6B739842C75AD3500B2AA63 /* PBXTargetDependency */,
			);
			name = MediSignTests;
			productName = MediSignTests;
			productReference = F6B7397F2C75AD3500B2AA63 /* MediSignTests.xctest */;
			productType = "com.apple.product-type.bundle.unit-test";
		};
/* End PBXNativeTarget section */

/* Begin PBXProject section */
		F62EF9D52C6B27840025498E /* Project object */ = {
			isa = PBXProject;
			attributes = {
				BuildIndependentTargetsInParallel = 1;
				LastSwiftUpdateCheck = 1530;
				LastUpgradeCheck = 1530;
				TargetAttributes = {
					F62EF9DC2C6B27840025498E = {
						CreatedOnToolsVersion = 15.3;
					};
					F6B7397E2C75AD3500B2AA63 = {
						CreatedOnToolsVersion = 15.3;
						TestTargetID = F62EF9DC2C6B27840025498E;
					};
				};
			};
			buildConfigurationList = F62EF9D82C6B27840025498E /* Build configuration list for PBXProject "DeafHealth" */;
			compatibilityVersion = "Xcode 14.0";
			developmentRegion = en;
			hasScannedForEncodings = 0;
			knownRegions = (
				en,
				Base,
			);
			mainGroup = F62EF9D42C6B27840025498E;
			packageReferences = (
				F6856F952C6F509200574B7E /* XCRemoteSwiftPackageReference "SwiftUISpeechToText" */,
			);
			productRefGroup = F62EF9DE2C6B27840025498E /* Products */;
			projectDirPath = "";
			projectRoot = "";
			targets = (
				F62EF9DC2C6B27840025498E /* DeafHealth */,
				F6B7397E2C75AD3500B2AA63 /* MediSignTests */,
			);
		};
/* End PBXProject section */

/* Begin PBXResourcesBuildPhase section */
		F62EF9DB2C6B27840025498E /* Resources */ = {
			isa = PBXResourcesBuildPhase;
			buildActionMask = 2147483647;
			files = (
				F62EF9E82C6B27850025498E /* Preview Assets.xcassets in Resources */,
				F62EF9E52C6B27850025498E /* Assets.xcassets in Resources */,
			);
			runOnlyForDeploymentPostprocessing = 0;
		};
		F6B7397D2C75AD3500B2AA63 /* Resources */ = {
			isa = PBXResourcesBuildPhase;
			buildActionMask = 2147483647;
			files = (
			);
			runOnlyForDeploymentPostprocessing = 0;
		};
/* End PBXResourcesBuildPhase section */

/* Begin PBXSourcesBuildPhase section */
		F62EF9D92C6B27840025498E /* Sources */ = {
			isa = PBXSourcesBuildPhase;
			buildActionMask = 2147483647;
			files = (
				A2A0C5572C6F69FB002240E2 /* SymptomImprovementFactorsView.swift in Sources */,
				F61AA4E92C7454F7007CDCA6 /* MessageViewModel.swift in Sources */,
				F6A94FFF2C6C486D00F45997 /* TestFullScreenCover.swift in Sources */,
				F62EF9E32C6B27840025498E /* ContentView.swift in Sources */,
				F6A950022C6C5C6700F45997 /* CommunicationPage.swift in Sources */,
				F6B739722C758FA900B2AA63 /* HomePage.swift in Sources */,
				F62EFA0A2C6B41030025498E /* Watermelon.swift in Sources */,
				F62EF9F42C6B293B0025498E /* Complaint.swift in Sources */,
				F61AA4E52C743AE6007CDCA6 /* RecordingSheet.swift in Sources */,
				F6E9221D2C75BBD9000D3833 /* AppColors.swift in Sources */,
				F6856F992C6F582B00574B7E /* SpeechViewModel.swift in Sources */,
				F62EFA062C6B3ECB0025498E /* Strawberry.swift in Sources */,
				A2A0C5552C6F69ED002240E2 /* SymptomWorseningFactorsView.swift in Sources */,
				F6D07E402C6F79DB006113FB /* MessageModel.swift in Sources */,
				F62EFA082C6B40D80025498E /* Lemon.swift in Sources */,
				F61AA4E72C745447007CDCA6 /* MessageBubble.swift in Sources */,
				F6A94FFD2C6C47AC00F45997 /* TestSheet.swift in Sources */,
				F62EFA0C2C6B41450025498E /* Pineapple.swift in Sources */,
				F6E922202C75BCF3000D3833 /* AppLabel.swift in Sources */,
				F62EFA0F2C6B41A00025498E /* Banana.swift in Sources */,
				A2A0C5472C6F68B0002240E2 /* ComplaintView.swift in Sources */,
				A2A0C55F2C709032002240E2 /* ComplaintFlowView.swift in Sources */,
				F62EFA002C6B2EB10025498E /* ComplaintViewModel.swift in Sources */,
				F6E922292C75DDCF000D3833 /* Role.swift in Sources */,
				A2A0C5532C6F69E1002240E2 /* SymptomSeverityView.swift in Sources */,
				9B0F1FEC2C74574200030F0C /* CustomSlider.swift in Sources */,
				F6E922222C75BD9F000D3833 /* Decimal.swift in Sources */,
				A2A0C5492C6F6922002240E2 /* SelectBodyPartView.swift in Sources */,
				A255E0242C72045000274DF5 /* ConsultationMenuView.swift in Sources */,
				F62EF9E12C6B27840025498E /* DeafHealthApp.swift in Sources */,
				A2A0C5512C6F69D6002240E2 /* SymptomStartTimeView.swift in Sources */,
				F62EF9F62C6B2B3D0025498E /* SymptomsDetail.swift in Sources */,
				F62EFA022C6B3C190025498E /* Coordinator.swift in Sources */,
				A2A0C55B2C6F6A15002240E2 /* PreviousConsultationView.swift in Sources */,
				F6E922362C75DF2A000D3833 /* SymptomsType.swift in Sources */,
				A2A0C55D2C6F6A1C002240E2 /* SummaryView.swift in Sources */,
				F6E922382C75DF62000D3833 /* Gender.swift in Sources */,
				F62EF9F22C6B27D30025498E /* User.swift in Sources */,
				A255E03D2C7585BE00274DF5 /* RoundedCorner.swift in Sources */,
				F62EF9FE2C6B2C010025498E /* LocalDataSource.swift in Sources */,
			);
			runOnlyForDeploymentPostprocessing = 0;
		};
		F6B7397B2C75AD3500B2AA63 /* Sources */ = {
			isa = PBXSourcesBuildPhase;
			buildActionMask = 2147483647;
			files = (
				F6B7398E2C75AE2500B2AA63 /* SpeechViewModelTests.swift in Sources */,
				F6B739892C75AD6D00B2AA63 /* ComplaintViewModelTests.swift in Sources */,
				F6B739822C75AD3500B2AA63 /* MediSignTests.swift in Sources */,
				F67F89242C75B15000FBB6CE /* CommunicationPageTests.swift in Sources */,
				F6B7398B2C75ADC200B2AA63 /* MessageViewModelTests.swift in Sources */,
			);
			runOnlyForDeploymentPostprocessing = 0;
		};
/* End PBXSourcesBuildPhase section */

/* Begin PBXTargetDependency section */
		F6B739842C75AD3500B2AA63 /* PBXTargetDependency */ = {
			isa = PBXTargetDependency;
			target = F62EF9DC2C6B27840025498E /* DeafHealth */;
			targetProxy = F6B739832C75AD3500B2AA63 /* PBXContainerItemProxy */;
		};
/* End PBXTargetDependency section */

/* Begin XCBuildConfiguration section */
		F62EF9E92C6B27850025498E /* Debug */ = {
			isa = XCBuildConfiguration;
			buildSettings = {
				ALWAYS_SEARCH_USER_PATHS = NO;
				ASSETCATALOG_COMPILER_GENERATE_SWIFT_ASSET_SYMBOL_EXTENSIONS = YES;
				CLANG_ANALYZER_NONNULL = YES;
				CLANG_ANALYZER_NUMBER_OBJECT_CONVERSION = YES_AGGRESSIVE;
				CLANG_CXX_LANGUAGE_STANDARD = "gnu++20";
				CLANG_ENABLE_MODULES = YES;
				CLANG_ENABLE_OBJC_ARC = YES;
				CLANG_ENABLE_OBJC_WEAK = YES;
				CLANG_WARN_BLOCK_CAPTURE_AUTORELEASING = YES;
				CLANG_WARN_BOOL_CONVERSION = YES;
				CLANG_WARN_COMMA = YES;
				CLANG_WARN_CONSTANT_CONVERSION = YES;
				CLANG_WARN_DEPRECATED_OBJC_IMPLEMENTATIONS = YES;
				CLANG_WARN_DIRECT_OBJC_ISA_USAGE = YES_ERROR;
				CLANG_WARN_DOCUMENTATION_COMMENTS = YES;
				CLANG_WARN_EMPTY_BODY = YES;
				CLANG_WARN_ENUM_CONVERSION = YES;
				CLANG_WARN_INFINITE_RECURSION = YES;
				CLANG_WARN_INT_CONVERSION = YES;
				CLANG_WARN_NON_LITERAL_NULL_CONVERSION = YES;
				CLANG_WARN_OBJC_IMPLICIT_RETAIN_SELF = YES;
				CLANG_WARN_OBJC_LITERAL_CONVERSION = YES;
				CLANG_WARN_OBJC_ROOT_CLASS = YES_ERROR;
				CLANG_WARN_QUOTED_INCLUDE_IN_FRAMEWORK_HEADER = YES;
				CLANG_WARN_RANGE_LOOP_ANALYSIS = YES;
				CLANG_WARN_STRICT_PROTOTYPES = YES;
				CLANG_WARN_SUSPICIOUS_MOVE = YES;
				CLANG_WARN_UNGUARDED_AVAILABILITY = YES_AGGRESSIVE;
				CLANG_WARN_UNREACHABLE_CODE = YES;
				CLANG_WARN__DUPLICATE_METHOD_MATCH = YES;
				COPY_PHASE_STRIP = NO;
				DEBUG_INFORMATION_FORMAT = dwarf;
				ENABLE_STRICT_OBJC_MSGSEND = YES;
				ENABLE_TESTABILITY = YES;
				ENABLE_USER_SCRIPT_SANDBOXING = YES;
				GCC_C_LANGUAGE_STANDARD = gnu17;
				GCC_DYNAMIC_NO_PIC = NO;
				GCC_NO_COMMON_BLOCKS = YES;
				GCC_OPTIMIZATION_LEVEL = 0;
				GCC_PREPROCESSOR_DEFINITIONS = (
					"DEBUG=1",
					"$(inherited)",
				);
				GCC_WARN_64_TO_32_BIT_CONVERSION = YES;
				GCC_WARN_ABOUT_RETURN_TYPE = YES_ERROR;
				GCC_WARN_UNDECLARED_SELECTOR = YES;
				GCC_WARN_UNINITIALIZED_AUTOS = YES_AGGRESSIVE;
				GCC_WARN_UNUSED_FUNCTION = YES;
				GCC_WARN_UNUSED_VARIABLE = YES;
				IPHONEOS_DEPLOYMENT_TARGET = 17.4;
				LOCALIZATION_PREFERS_STRING_CATALOGS = YES;
				MTL_ENABLE_DEBUG_INFO = INCLUDE_SOURCE;
				MTL_FAST_MATH = YES;
				ONLY_ACTIVE_ARCH = YES;
				SDKROOT = iphoneos;
				SWIFT_ACTIVE_COMPILATION_CONDITIONS = "DEBUG $(inherited)";
				SWIFT_OPTIMIZATION_LEVEL = "-Onone";
			};
			name = Debug;
		};
		F62EF9EA2C6B27850025498E /* Release */ = {
			isa = XCBuildConfiguration;
			buildSettings = {
				ALWAYS_SEARCH_USER_PATHS = NO;
				ASSETCATALOG_COMPILER_GENERATE_SWIFT_ASSET_SYMBOL_EXTENSIONS = YES;
				CLANG_ANALYZER_NONNULL = YES;
				CLANG_ANALYZER_NUMBER_OBJECT_CONVERSION = YES_AGGRESSIVE;
				CLANG_CXX_LANGUAGE_STANDARD = "gnu++20";
				CLANG_ENABLE_MODULES = YES;
				CLANG_ENABLE_OBJC_ARC = YES;
				CLANG_ENABLE_OBJC_WEAK = YES;
				CLANG_WARN_BLOCK_CAPTURE_AUTORELEASING = YES;
				CLANG_WARN_BOOL_CONVERSION = YES;
				CLANG_WARN_COMMA = YES;
				CLANG_WARN_CONSTANT_CONVERSION = YES;
				CLANG_WARN_DEPRECATED_OBJC_IMPLEMENTATIONS = YES;
				CLANG_WARN_DIRECT_OBJC_ISA_USAGE = YES_ERROR;
				CLANG_WARN_DOCUMENTATION_COMMENTS = YES;
				CLANG_WARN_EMPTY_BODY = YES;
				CLANG_WARN_ENUM_CONVERSION = YES;
				CLANG_WARN_INFINITE_RECURSION = YES;
				CLANG_WARN_INT_CONVERSION = YES;
				CLANG_WARN_NON_LITERAL_NULL_CONVERSION = YES;
				CLANG_WARN_OBJC_IMPLICIT_RETAIN_SELF = YES;
				CLANG_WARN_OBJC_LITERAL_CONVERSION = YES;
				CLANG_WARN_OBJC_ROOT_CLASS = YES_ERROR;
				CLANG_WARN_QUOTED_INCLUDE_IN_FRAMEWORK_HEADER = YES;
				CLANG_WARN_RANGE_LOOP_ANALYSIS = YES;
				CLANG_WARN_STRICT_PROTOTYPES = YES;
				CLANG_WARN_SUSPICIOUS_MOVE = YES;
				CLANG_WARN_UNGUARDED_AVAILABILITY = YES_AGGRESSIVE;
				CLANG_WARN_UNREACHABLE_CODE = YES;
				CLANG_WARN__DUPLICATE_METHOD_MATCH = YES;
				COPY_PHASE_STRIP = NO;
				DEBUG_INFORMATION_FORMAT = "dwarf-with-dsym";
				ENABLE_NS_ASSERTIONS = NO;
				ENABLE_STRICT_OBJC_MSGSEND = YES;
				ENABLE_USER_SCRIPT_SANDBOXING = YES;
				GCC_C_LANGUAGE_STANDARD = gnu17;
				GCC_NO_COMMON_BLOCKS = YES;
				GCC_WARN_64_TO_32_BIT_CONVERSION = YES;
				GCC_WARN_ABOUT_RETURN_TYPE = YES_ERROR;
				GCC_WARN_UNDECLARED_SELECTOR = YES;
				GCC_WARN_UNINITIALIZED_AUTOS = YES_AGGRESSIVE;
				GCC_WARN_UNUSED_FUNCTION = YES;
				GCC_WARN_UNUSED_VARIABLE = YES;
				IPHONEOS_DEPLOYMENT_TARGET = 17.4;
				LOCALIZATION_PREFERS_STRING_CATALOGS = YES;
				MTL_ENABLE_DEBUG_INFO = NO;
				MTL_FAST_MATH = YES;
				SDKROOT = iphoneos;
				SWIFT_COMPILATION_MODE = wholemodule;
				VALIDATE_PRODUCT = YES;
			};
			name = Release;
		};
		F62EF9EC2C6B27850025498E /* Debug */ = {
			isa = XCBuildConfiguration;
			buildSettings = {
				ASSETCATALOG_COMPILER_APPICON_NAME = AppIcon;
				ASSETCATALOG_COMPILER_GLOBAL_ACCENT_COLOR_NAME = AccentColor;
				CODE_SIGN_STYLE = Automatic;
				CURRENT_PROJECT_VERSION = 1;
				DEVELOPMENT_ASSET_PATHS = "\"DeafHealth/Preview Content\"";
				DEVELOPMENT_TEAM = 49V8Q5W76J;
				ENABLE_PREVIEWS = YES;
				GENERATE_INFOPLIST_FILE = YES;
				INFOPLIST_KEY_CFBundleDisplayName = MediSign;
				INFOPLIST_KEY_NSMicrophoneUsageDescription = "Access microphone to enable speech to text functionality ";
				INFOPLIST_KEY_NSSpeechRecognitionUsageDescription = "Speech Recognition to translate doctor to text";
				INFOPLIST_KEY_UIApplicationSceneManifest_Generation = YES;
				INFOPLIST_KEY_UIApplicationSupportsIndirectInputEvents = YES;
				INFOPLIST_KEY_UILaunchScreen_Generation = YES;
				INFOPLIST_KEY_UISupportedInterfaceOrientations_iPad = "UIInterfaceOrientationPortrait UIInterfaceOrientationPortraitUpsideDown UIInterfaceOrientationLandscapeLeft UIInterfaceOrientationLandscapeRight";
				INFOPLIST_KEY_UISupportedInterfaceOrientations_iPhone = "UIInterfaceOrientationPortrait UIInterfaceOrientationLandscapeLeft UIInterfaceOrientationLandscapeRight";
				LD_RUNPATH_SEARCH_PATHS = (
					"$(inherited)",
					"@executable_path/Frameworks",
				);
				MARKETING_VERSION = 1.0;
				PRODUCT_BUNDLE_IDENTIFIER = test.DeafHealth;
				PRODUCT_NAME = "$(TARGET_NAME)";
				SWIFT_EMIT_LOC_STRINGS = YES;
				SWIFT_VERSION = 5.0;
				TARGETED_DEVICE_FAMILY = "1,2";
			};
			name = Debug;
		};
		F62EF9ED2C6B27850025498E /* Release */ = {
			isa = XCBuildConfiguration;
			buildSettings = {
				ASSETCATALOG_COMPILER_APPICON_NAME = AppIcon;
				ASSETCATALOG_COMPILER_GLOBAL_ACCENT_COLOR_NAME = AccentColor;
				CODE_SIGN_STYLE = Automatic;
				CURRENT_PROJECT_VERSION = 1;
				DEVELOPMENT_ASSET_PATHS = "\"DeafHealth/Preview Content\"";
				DEVELOPMENT_TEAM = 49V8Q5W76J;
				ENABLE_PREVIEWS = YES;
				GENERATE_INFOPLIST_FILE = YES;
				INFOPLIST_KEY_CFBundleDisplayName = MediSign;
				INFOPLIST_KEY_NSMicrophoneUsageDescription = "Access microphone to enable speech to text functionality ";
				INFOPLIST_KEY_NSSpeechRecognitionUsageDescription = "Speech Recognition to translate doctor to text";
				INFOPLIST_KEY_UIApplicationSceneManifest_Generation = YES;
				INFOPLIST_KEY_UIApplicationSupportsIndirectInputEvents = YES;
				INFOPLIST_KEY_UILaunchScreen_Generation = YES;
				INFOPLIST_KEY_UISupportedInterfaceOrientations_iPad = "UIInterfaceOrientationPortrait UIInterfaceOrientationPortraitUpsideDown UIInterfaceOrientationLandscapeLeft UIInterfaceOrientationLandscapeRight";
				INFOPLIST_KEY_UISupportedInterfaceOrientations_iPhone = "UIInterfaceOrientationPortrait UIInterfaceOrientationLandscapeLeft UIInterfaceOrientationLandscapeRight";
				LD_RUNPATH_SEARCH_PATHS = (
					"$(inherited)",
					"@executable_path/Frameworks",
				);
				MARKETING_VERSION = 1.0;
				PRODUCT_BUNDLE_IDENTIFIER = test.DeafHealth;
				PRODUCT_NAME = "$(TARGET_NAME)";
				SWIFT_EMIT_LOC_STRINGS = YES;
				SWIFT_VERSION = 5.0;
				TARGETED_DEVICE_FAMILY = "1,2";
			};
			name = Release;
		};
		F6B739862C75AD3500B2AA63 /* Debug */ = {
			isa = XCBuildConfiguration;
			buildSettings = {
				BUNDLE_LOADER = "$(TEST_HOST)";
				CODE_SIGN_STYLE = Automatic;
				CURRENT_PROJECT_VERSION = 1;
				DEVELOPMENT_TEAM = 49V8Q5W76J;
				GENERATE_INFOPLIST_FILE = YES;
				MARKETING_VERSION = 1.0;
				PRODUCT_BUNDLE_IDENTIFIER = test.MediSignTests;
				PRODUCT_NAME = "$(TARGET_NAME)";
				SWIFT_EMIT_LOC_STRINGS = NO;
				SWIFT_VERSION = 5.0;
				TARGETED_DEVICE_FAMILY = "1,2";
				TEST_HOST = "$(BUILT_PRODUCTS_DIR)/DeafHealth.app/$(BUNDLE_EXECUTABLE_FOLDER_PATH)/DeafHealth";
			};
			name = Debug;
		};
		F6B739872C75AD3500B2AA63 /* Release */ = {
			isa = XCBuildConfiguration;
			buildSettings = {
				BUNDLE_LOADER = "$(TEST_HOST)";
				CODE_SIGN_STYLE = Automatic;
				CURRENT_PROJECT_VERSION = 1;
				DEVELOPMENT_TEAM = 49V8Q5W76J;
				GENERATE_INFOPLIST_FILE = YES;
				MARKETING_VERSION = 1.0;
				PRODUCT_BUNDLE_IDENTIFIER = test.MediSignTests;
				PRODUCT_NAME = "$(TARGET_NAME)";
				SWIFT_EMIT_LOC_STRINGS = NO;
				SWIFT_VERSION = 5.0;
				TARGETED_DEVICE_FAMILY = "1,2";
				TEST_HOST = "$(BUILT_PRODUCTS_DIR)/DeafHealth.app/$(BUNDLE_EXECUTABLE_FOLDER_PATH)/DeafHealth";
			};
			name = Release;
		};
/* End XCBuildConfiguration section */

/* Begin XCConfigurationList section */
		F62EF9D82C6B27840025498E /* Build configuration list for PBXProject "DeafHealth" */ = {
			isa = XCConfigurationList;
			buildConfigurations = (
				F62EF9E92C6B27850025498E /* Debug */,
				F62EF9EA2C6B27850025498E /* Release */,
			);
			defaultConfigurationIsVisible = 0;
			defaultConfigurationName = Release;
		};
		F62EF9EB2C6B27850025498E /* Build configuration list for PBXNativeTarget "DeafHealth" */ = {
			isa = XCConfigurationList;
			buildConfigurations = (
				F62EF9EC2C6B27850025498E /* Debug */,
				F62EF9ED2C6B27850025498E /* Release */,
			);
			defaultConfigurationIsVisible = 0;
			defaultConfigurationName = Release;
		};
		F6B739852C75AD3500B2AA63 /* Build configuration list for PBXNativeTarget "MediSignTests" */ = {
			isa = XCConfigurationList;
			buildConfigurations = (
				F6B739862C75AD3500B2AA63 /* Debug */,
				F6B739872C75AD3500B2AA63 /* Release */,
			);
			defaultConfigurationIsVisible = 0;
			defaultConfigurationName = Release;
		};
/* End XCConfigurationList section */

/* Begin XCRemoteSwiftPackageReference section */
		F6856F952C6F509200574B7E /* XCRemoteSwiftPackageReference "SwiftUISpeechToText" */ = {
			isa = XCRemoteSwiftPackageReference;
			repositoryURL = "https://github.com/pandashashwat97/SwiftUISpeechToText.git";
			requirement = {
				branch = main;
				kind = branch;
			};
		};
/* End XCRemoteSwiftPackageReference section */
	};
	rootObject = F62EF9D52C6B27840025498E /* Project object */;
}
