{
  "originHash" : "79dd75b12e216ba187f6c1ea8fbdd41c9d4c371b804982bfe3c3be2f1287f81c",
  "pins" : [
    {
      "identity" : "swiftuispeechtotext",
      "kind" : "remoteSourceControl",
      "location" : "https://github.com/pandashashwat97/SwiftUISpeechToText.git",
      "state" : {
        "branch" : "main",
        "revision" : "fc2f62b60d0c8127bcbf4a9662b1d1cfd3c5294b"
      }
    }
  ],
  "version" : 3
}
